{
  "requires": true,
  "lockfileVersion": 1,
  "dependencies": {
    "base64-js": {
      "version": "1.2.1",
      "resolved": "http://registry.npm.taobao.org/base64-js/download/base64-js-1.2.1.tgz",
      "integrity": "sha1-qRlH2h9KUW6jjltOwOw3c2deCIY="
    },
    "buffer": {
      "version": "5.0.8",
      "resolved": "http://registry.npm.taobao.org/buffer/download/buffer-5.0.8.tgz",
      "integrity": "sha1-hNqlLnzy+ozkGVvFzw94CeCTCyQ=",
      "requires": {
        "base64-js": "1.2.1",
        "ieee754": "1.1.8"
      }
    },
    "event-lite": {
      "version": "0.1.1",
      "resolved": "http://registry.npm.taobao.org/event-lite/download/event-lite-0.1.1.tgz",
      "integrity": "sha1-R88IqNN9C2lM23s7F7UfqsZXYIY="
    },
    "fs": {
      "version": "0.0.1-security",
      "resolved": "https://registry.npmjs.org/fs/-/fs-0.0.1-security.tgz",
      "integrity": "sha1-invTcYa23d84E/I4WLV+yq9eQdQ="
    },
    "ieee754": {
      "version": "1.1.8",
      "resolved": "http://registry.npm.taobao.org/ieee754/download/ieee754-1.1.8.tgz",
      "integrity": "sha1-vjPUCsEO8ZJnAfbwii2G+/0a0+Q="
    },
    "int64-buffer": {
      "version": "0.1.10",
      "resolved": "http://registry.npm.taobao.org/int64-buffer/download/int64-buffer-0.1.10.tgz",
      "integrity": "sha1-J3siiofZWtd30HwTgyAiQGpHNCM="
    },
    "isarray": {
      "version": "1.0.0",
      "resolved": "http://registry.npm.taobao.org/isarray/download/isarray-1.0.0.tgz",
      "integrity": "sha1-u5NdSFgsuhaMBoNJV6VKPgcSTxE="
    },
    "msgpack-lite": {
      "version": "0.1.26",
      "resolved": "http://registry.npm.taobao.org/msgpack-lite/download/msgpack-lite-0.1.26.tgz",
      "integrity": "sha1-3TxQsm8FnyXn7e42REGDWOKprYk=",
      "requires": {
        "event-lite": "0.1.1",
        "ieee754": "1.1.8",
        "int64-buffer": "0.1.10",
        "isarray": "1.0.0"
      }
    }
  }
}
